
Microsoft Visual Studio Solution File, Format Version 12.00
# Visual Studio 2012
Project("{FAE04EC0-301F-11D3-BF4B-00C04F79EFBC}") = "LoyaltyService", "LoyaltyService\LoyaltyService.csproj", "{3151179A-849F-4E91-97BE-9BBEC275CBBA}"
EndProject
Project("{FAE04EC0-301F-11D3-BF4B-00C04F79EFBC}") = "LoyaltyService.Tests", "LoyaltyService.Tests\LoyaltyService.Tests.csproj", "{46924D28-7382-47CD-80FC-3890A5E782C3}"
EndProject
Global
	GlobalSection(SolutionConfigurationPlatforms) = preSolution
		Debug|Any CPU = Debug|Any CPU
		Release|Any CPU = Release|Any CPU
	EndGlobalSection
	GlobalSection(ProjectConfigurationPlatforms) = postSolution
		{3151179A-849F-4E91-97BE-9BBEC275CBBA}.Debug|Any CPU.ActiveCfg = Debug|Any CPU
		{3151179A-849F-4E91-97BE-9BBEC275CBBA}.Debug|Any CPU.Build.0 = Debug|Any CPU
		{3151179A-849F-4E91-97BE-9BBEC275CBBA}.Release|Any CPU.ActiveCfg = Release|Any CPU
		{3151179A-849F-4E91-97BE-9BBEC275CBBA}.Release|Any CPU.Build.0 = Release|Any CPU
		{46924D28-7382-47CD-80FC-3890A5E782C3}.Debug|Any CPU.ActiveCfg = Debug|Any CPU
		{46924D28-7382-47CD-80FC-3890A5E782C3}.Debug|Any CPU.Build.0 = Debug|Any CPU
		{46924D28-7382-47CD-80FC-3890A5E782C3}.Release|Any CPU.ActiveCfg = Release|Any CPU
		{46924D28-7382-47CD-80FC-3890A5E782C3}.Release|Any CPU.Build.0 = Release|Any CPU
	EndGlobalSection
	GlobalSection(SolutionProperties) = preSolution
		HideSolutionNode = FALSE
	EndGlobalSection
EndGlobal
